
Microsoft Visual Studio Solution File, Format Version 12.00
# Visual Studio 15
VisualStudioVersion = 15.0.26403.7
MinimumVisualStudioVersion = 10.0.40219.1
Project("{FAE04EC0-301F-11D3-BF4B-00C04F79EFBC}") = "demo.pantsy.orders", "demo.pantsy.orders\demo.pantsy.orders.csproj", "{C63D1FAB-E857-43F6-B418-CDB82A3D9618}"
EndProject
Project("{FAE04EC0-301F-11D3-BF4B-00C04F79EFBC}") = "demo.pantsy.orders.domain", "demo.pantsy.orders.domain\demo.pantsy.orders.domain.csproj", "{7B61AC48-5379-4DE7-B46E-E58B743DC3B8}"
EndProject
Global
	GlobalSection(SolutionConfigurationPlatforms) = preSolution
		Debug|Any CPU = Debug|Any CPU
		Release|Any CPU = Release|Any CPU
	EndGlobalSection
	GlobalSection(ProjectConfigurationPlatforms) = postSolution
		{C63D1FAB-E857-43F6-B418-CDB82A3D9618}.Debug|Any CPU.ActiveCfg = Debug|Any CPU
		{C63D1FAB-E857-43F6-B418-CDB82A3D9618}.Debug|Any CPU.Build.0 = Debug|Any CPU
		{C63D1FAB-E857-43F6-B418-CDB82A3D9618}.Release|Any CPU.ActiveCfg = Release|Any CPU
		{C63D1FAB-E857-43F6-B418-CDB82A3D9618}.Release|Any CPU.Build.0 = Release|Any CPU
		{7B61AC48-5379-4DE7-B46E-E58B743DC3B8}.Debug|Any CPU.ActiveCfg = Debug|Any CPU
		{7B61AC48-5379-4DE7-B46E-E58B743DC3B8}.Debug|Any CPU.Build.0 = Debug|Any CPU
		{7B61AC48-5379-4DE7-B46E-E58B743DC3B8}.Release|Any CPU.ActiveCfg = Release|Any CPU
		{7B61AC48-5379-4DE7-B46E-E58B743DC3B8}.Release|Any CPU.Build.0 = Release|Any CPU
	EndGlobalSection
	GlobalSection(SolutionProperties) = preSolution
		HideSolutionNode = FALSE
	EndGlobalSection
EndGlobal
